{
	"name": "gatsby-custom-md",
	"version": "1.2.2",
	"lockfileVersion": 1,
	"requires": true,
	"dependencies": {
		"@mapbox/hast-util-table-cell-style": {
			"version": "0.1.3",
			"resolved": "https://registry.npmjs.org/@mapbox/hast-util-table-cell-style/-/hast-util-table-cell-style-0.1.3.tgz",
			"integrity": "sha512-QsEsh5YaDvHoMQ2YHdvZy2iDnU3GgKVBTcHf6cILyoWDZtPSdlG444pL/ioPYO/GpXSfODBb9sefEetfC4v9oA==",
			"requires": {
				"unist-util-visit": "^1.3.0"
			}
		},
		"@types/domhandler": {
			"version": "2.4.1",
			"resolved": "https://registry.npmjs.org/@types/domhandler/-/domhandler-2.4.1.tgz",
			"integrity": "sha512-cfBw6q6tT5sa1gSPFSRKzF/xxYrrmeiut7E0TxNBObiLSBTuFEHibcfEe3waQPEDbqBsq+ql/TOniw65EyDFMA=="
		},
		"comma-separated-tokens": {
			"version": "1.0.7",
			"resolved": "https://registry.npmjs.org/comma-separated-tokens/-/comma-separated-tokens-1.0.7.tgz",
			"integrity": "sha512-Jrx3xsP4pPv4AwJUDWY9wOXGtwPXARej6Xd99h4TUGotmf8APuquKMpK+dnD3UgyxK7OEWaisjZz+3b5jtL6xQ=="
		},
		"core-util-is": {
			"version": "1.0.2",
			"resolved": "https://registry.npmjs.org/core-util-is/-/core-util-is-1.0.2.tgz",
			"integrity": "sha1-tf1UIgqivFq1eqtxQMlAdUUDwac="
		},
		"dom-serializer": {
			"version": "0.2.1",
			"resolved": "https://registry.npmjs.org/dom-serializer/-/dom-serializer-0.2.1.tgz",
			"integrity": "sha512-sK3ujri04WyjwQXVoK4PU3y8ula1stq10GJZpqHIUgoGZdsGzAGu65BnU3d08aTVSvO7mGPZUc0wTEDL+qGE0Q==",
			"requires": {
				"domelementtype": "^2.0.1",
				"entities": "^2.0.0"
			},
			"dependencies": {
				"domelementtype": {
					"version": "2.0.1",
					"resolved": "https://registry.npmjs.org/domelementtype/-/domelementtype-2.0.1.tgz",
					"integrity": "sha512-5HOHUDsYZWV8FGWN0Njbr/Rn7f/eWSQi1v7+HsUVwXgn8nWWlL64zKDkS0n8ZmQ3mlWOMuXOnR+7Nx/5tMO5AQ=="
				},
				"entities": {
					"version": "2.0.0",
					"resolved": "https://registry.npmjs.org/entities/-/entities-2.0.0.tgz",
					"integrity": "sha512-D9f7V0JSRwIxlRI2mjMqufDrRDnx8p+eEOz7aUM9SuvF8gsBzra0/6tbjl1m8eQHrZlYj6PxqE00hZ1SAIKPLw=="
				}
			}
		},
		"domelementtype": {
			"version": "1.3.1",
			"resolved": "https://registry.npmjs.org/domelementtype/-/domelementtype-1.3.1.tgz",
			"integrity": "sha512-BSKB+TSpMpFI/HOxCNr1O8aMOTZ8hT3pM3GQ0w/mWRmkhEDSFJkkyzz4XQsBV44BChwGkrDfMyjVD0eA2aFV3w=="
		},
		"domhandler": {
			"version": "2.3.0",
			"resolved": "https://registry.npmjs.org/domhandler/-/domhandler-2.3.0.tgz",
			"integrity": "sha1-LeWaCCLVAn+r/28DLCsloqir5zg=",
			"requires": {
				"domelementtype": "1"
			}
		},
		"domutils": {
			"version": "1.7.0",
			"resolved": "https://registry.npmjs.org/domutils/-/domutils-1.7.0.tgz",
			"integrity": "sha512-Lgd2XcJ/NjEw+7tFvfKxOzCYKZsdct5lczQ2ZaQY8Djz7pfAD3Gbp8ySJWtreII/vDlMVmxwa6pHmdxIYgttDg==",
			"requires": {
				"dom-serializer": "0",
				"domelementtype": "1"
			}
		},
		"entities": {
			"version": "1.1.2",
			"resolved": "https://registry.npmjs.org/entities/-/entities-1.1.2.tgz",
			"integrity": "sha512-f2LZMYl1Fzu7YSBKg+RoROelpOaNrcGmE9AZubeDfrCEia483oW4MI4VyFd5VNHIgQ/7qm1I0wUHK1eJnn2y2w=="
		},
		"function-bind": {
			"version": "1.1.1",
			"resolved": "https://registry.npmjs.org/function-bind/-/function-bind-1.1.1.tgz",
			"integrity": "sha512-yIovAzMX49sF8Yl58fSCWJ5svSLuaibPxXQJFLmBObTuCr0Mf1KiPopGM9NiFjiYBCbfaa2Fh6breQ6ANVTI0A=="
		},
		"has": {
			"version": "1.0.3",
			"resolved": "https://registry.npmjs.org/has/-/has-1.0.3.tgz",
			"integrity": "sha512-f2dvO0VU6Oej7RkWJGrehjbzMAjFp5/VKPp5tTpWIV4JHHZK1/BxbFRtf/siA2SWTe09caDmVtYYzWEIbBS4zw==",
			"requires": {
				"function-bind": "^1.1.1"
			}
		},
		"hast-to-hyperscript": {
			"version": "5.0.0",
			"resolved": "https://registry.npmjs.org/hast-to-hyperscript/-/hast-to-hyperscript-5.0.0.tgz",
			"integrity": "sha512-DLl3eYTz8uwwzEubDUdCChsR5t5b2ne+yvHrA2h58Suq/JnN3+Gsb9Tc4iZoCCsykmFUc6UUpwxTmQXs0akSeg==",
			"requires": {
				"comma-separated-tokens": "^1.0.0",
				"property-information": "^4.0.0",
				"space-separated-tokens": "^1.0.0",
				"style-to-object": "^0.2.1",
				"unist-util-is": "^2.0.0",
				"web-namespaces": "^1.1.2"
			},
			"dependencies": {
				"unist-util-is": {
					"version": "2.1.3",
					"resolved": "https://registry.npmjs.org/unist-util-is/-/unist-util-is-2.1.3.tgz",
					"integrity": "sha512-4WbQX2iwfr/+PfM4U3zd2VNXY+dWtZsN1fLnWEi2QQXA4qyDYAZcDMfXUX0Cu6XZUHHAO9q4nyxxLT4Awk1qUA=="
				}
			}
		},
		"html-dom-parser": {
			"version": "0.2.2",
			"resolved": "https://registry.npmjs.org/html-dom-parser/-/html-dom-parser-0.2.2.tgz",
			"integrity": "sha512-8qWXUf0JY8k21oPZIWN9VddADoac+TeNTvFyF/ZJ5JgtzDIt2Fk9uwUHYKkGHnZb2LPj3SeB2V4WK0Hn/MEH/Q==",
			"requires": {
				"@types/domhandler": "2.4.1",
				"domhandler": "2.3.0",
				"htmlparser2": "3.9.1"
			}
		},
		"html-react-parser": {
			"version": "0.9.1",
			"resolved": "https://registry.npmjs.org/html-react-parser/-/html-react-parser-0.9.1.tgz",
			"integrity": "sha512-hr5s4FvVeocxt9bZILNi/2571/JrxlLvyDzQr6WxOc2PeZXXF6s3r4UkXOHFHgFH3WV9DV7S75zNZfE78momsw==",
			"requires": {
				"@types/domhandler": "2.4.1",
				"html-dom-parser": "0.2.2",
				"react-property": "1.0.1",
				"style-to-object": "0.2.3"
			}
		},
		"htmlparser2": {
			"version": "3.9.1",
			"resolved": "https://registry.npmjs.org/htmlparser2/-/htmlparser2-3.9.1.tgz",
			"integrity": "sha1-Yht6WLyazQA/evCiyaAKpnyFBdI=",
			"requires": {
				"domelementtype": "^1.3.0",
				"domhandler": "^2.3.0",
				"domutils": "^1.5.1",
				"entities": "^1.1.1",
				"inherits": "^2.0.1",
				"readable-stream": "^2.0.2"
			}
		},
		"inherits": {
			"version": "2.0.4",
			"resolved": "https://registry.npmjs.org/inherits/-/inherits-2.0.4.tgz",
			"integrity": "sha512-k/vGaX4/Yla3WzyMCvTQOXYeIHvqOKtnqBduzTHpzpQZzAskKMhZ2K+EnBiSM9zGSoIFeMpXKxa4dYeZIQqewQ=="
		},
		"inline-style-parser": {
			"version": "0.1.1",
			"resolved": "https://registry.npmjs.org/inline-style-parser/-/inline-style-parser-0.1.1.tgz",
			"integrity": "sha512-7NXolsK4CAS5+xvdj5OMMbI962hU/wvwoxk+LWR9Ek9bVtyuuYScDN6eS0rUm6TxApFpw7CX1o4uJzcd4AyD3Q=="
		},
		"isarray": {
			"version": "1.0.0",
			"resolved": "https://registry.npmjs.org/isarray/-/isarray-1.0.0.tgz",
			"integrity": "sha1-u5NdSFgsuhaMBoNJV6VKPgcSTxE="
		},
		"js-tokens": {
			"version": "4.0.0",
			"resolved": "https://registry.npmjs.org/js-tokens/-/js-tokens-4.0.0.tgz",
			"integrity": "sha512-RdJUflcE3cUzKiMqQgsCu06FPu9UdIJO0beYbPhHN4k6apgJtifcoCtT9bcxOpYBtpD2kCM6Sbzg4CausW/PKQ=="
		},
		"loose-envify": {
			"version": "1.4.0",
			"resolved": "https://registry.npmjs.org/loose-envify/-/loose-envify-1.4.0.tgz",
			"integrity": "sha512-lyuxPGr/Wfhrlem2CL/UcnUc1zcqKAImBDzukY7Y5F/yQiNdko6+fRLevlw1HgMySw7f611UIY408EtxRSoK3Q==",
			"requires": {
				"js-tokens": "^3.0.0 || ^4.0.0"
			}
		},
		"object-assign": {
			"version": "4.1.1",
			"resolved": "https://registry.npmjs.org/object-assign/-/object-assign-4.1.1.tgz",
			"integrity": "sha1-IQmtx5ZYh8/AXLvUQsrIv7s2CGM="
		},
		"process-nextick-args": {
			"version": "2.0.1",
			"resolved": "https://registry.npmjs.org/process-nextick-args/-/process-nextick-args-2.0.1.tgz",
			"integrity": "sha512-3ouUOpQhtgrbOa17J7+uxOTpITYWaGP7/AhoR3+A+/1e9skrzelGi/dXzEYyvbxubEF6Wn2ypscTKiKJFFn1ag=="
		},
		"prop-types": {
			"version": "15.7.2",
			"resolved": "https://registry.npmjs.org/prop-types/-/prop-types-15.7.2.tgz",
			"integrity": "sha512-8QQikdH7//R2vurIJSutZ1smHYTcLpRWEOlHnzcWHmBYrOGUysKwSsrC89BCiFj3CbrfJ/nXFdJepOVrY1GCHQ==",
			"requires": {
				"loose-envify": "^1.4.0",
				"object-assign": "^4.1.1",
				"react-is": "^16.8.1"
			}
		},
		"property-information": {
			"version": "4.2.0",
			"resolved": "https://registry.npmjs.org/property-information/-/property-information-4.2.0.tgz",
			"integrity": "sha512-TlgDPagHh+eBKOnH2VYvk8qbwsCG/TAJdmTL7f1PROUcSO8qt/KSmShEQ/OKvock8X9tFjtqjCScyOkkkvIKVQ==",
			"requires": {
				"xtend": "^4.0.1"
			}
		},
		"react": {
			"version": "16.9.0",
			"requires": {
				"loose-envify": "^1.1.0",
				"object-assign": "^4.1.1",
				"prop-types": "^15.6.2"
			}
		},
		"react-dom": {
			"version": "16.9.0",
			"requires": {
				"loose-envify": "^1.1.0",
				"object-assign": "^4.1.1",
				"prop-types": "^15.6.2",
				"scheduler": "^0.15.0"
			}
		},
		"react-is": {
			"version": "16.9.0",
			"resolved": "https://registry.npmjs.org/react-is/-/react-is-16.9.0.tgz",
			"integrity": "sha512-tJBzzzIgnnRfEm046qRcURvwQnZVXmuCbscxUO5RWrGTXpon2d4c8mI0D8WE6ydVIm29JiLB6+RslkIvym9Rjw=="
		},
		"react-property": {
			"version": "1.0.1",
			"resolved": "https://registry.npmjs.org/react-property/-/react-property-1.0.1.tgz",
			"integrity": "sha512-1tKOwxFn3dXVomH6pM9IkLkq2Y8oh+fh/lYW3MJ/B03URswUTqttgckOlbxY2XHF3vPG6uanSc4dVsLW/wk3wQ=="
		},
		"readable-stream": {
			"version": "2.3.6",
			"resolved": "https://registry.npmjs.org/readable-stream/-/readable-stream-2.3.6.tgz",
			"integrity": "sha512-tQtKA9WIAhBF3+VLAseyMqZeBjW0AHJoxOtYqSUZNJxauErmLbVm2FW1y+J/YA9dUrAC39ITejlZWhVIwawkKw==",
			"requires": {
				"core-util-is": "~1.0.0",
				"inherits": "~2.0.3",
				"isarray": "~1.0.0",
				"process-nextick-args": "~2.0.0",
				"safe-buffer": "~5.1.1",
				"string_decoder": "~1.1.1",
				"util-deprecate": "~1.0.1"
			},
			"dependencies": {
				"safe-buffer": {
					"version": "5.1.2",
					"resolved": "https://registry.npmjs.org/safe-buffer/-/safe-buffer-5.1.2.tgz",
					"integrity": "sha512-Gd2UZBJDkXlY7GbJxfsE8/nvKkUEU1G38c1siN6QP6a9PT9MmHB8GnpscSmMJSoF8LOIrt8ud/wPtojys4G6+g=="
				}
			}
		},
		"rehype-react": {
			"version": "3.1.0",
			"requires": {
				"@mapbox/hast-util-table-cell-style": "^0.1.3",
				"has": "^1.0.1",
				"hast-to-hyperscript": "^5.0.0"
			}
		},
		"scheduler": {
			"version": "0.15.0",
			"resolved": "https://registry.npmjs.org/scheduler/-/scheduler-0.15.0.tgz",
			"integrity": "sha512-xAefmSfN6jqAa7Kuq7LIJY0bwAPG3xlCj0HMEBQk1lxYiDKZscY2xJ5U/61ZTrYbmNQbXa+gc7czPkVo11tnCg==",
			"requires": {
				"loose-envify": "^1.1.0",
				"object-assign": "^4.1.1"
			}
		},
		"space-separated-tokens": {
			"version": "1.1.4",
			"resolved": "https://registry.npmjs.org/space-separated-tokens/-/space-separated-tokens-1.1.4.tgz",
			"integrity": "sha512-UyhMSmeIqZrQn2UdjYpxEkwY9JUrn8pP+7L4f91zRzOQuI8MF1FGLfYU9DKCYeLdo7LXMxwrX5zKFy7eeeVHuA=="
		},
		"string_decoder": {
			"version": "1.1.1",
			"resolved": "https://registry.npmjs.org/string_decoder/-/string_decoder-1.1.1.tgz",
			"integrity": "sha512-n/ShnvDi6FHbbVfviro+WojiFzv+s8MPMHBczVePfUpDJLwoLT0ht1l4YwBCbi8pJAveEEdnkHyPyTP/mzRfwg==",
			"requires": {
				"safe-buffer": "~5.1.0"
			},
			"dependencies": {
				"safe-buffer": {
					"version": "5.1.2",
					"resolved": "https://registry.npmjs.org/safe-buffer/-/safe-buffer-5.1.2.tgz",
					"integrity": "sha512-Gd2UZBJDkXlY7GbJxfsE8/nvKkUEU1G38c1siN6QP6a9PT9MmHB8GnpscSmMJSoF8LOIrt8ud/wPtojys4G6+g=="
				}
			}
		},
		"style-to-object": {
			"version": "0.2.3",
			"resolved": "https://registry.npmjs.org/style-to-object/-/style-to-object-0.2.3.tgz",
			"integrity": "sha512-1d/k4EY2N7jVLOqf2j04dTc37TPOv/hHxZmvpg8Pdh8UYydxeu/C1W1U4vD8alzf5V2Gt7rLsmkr4dxAlDm9ng==",
			"requires": {
				"inline-style-parser": "0.1.1"
			}
		},
		"unist-util-is": {
			"version": "3.0.0",
			"resolved": "https://registry.npmjs.org/unist-util-is/-/unist-util-is-3.0.0.tgz",
			"integrity": "sha512-sVZZX3+kspVNmLWBPAB6r+7D9ZgAFPNWm66f7YNb420RlQSbn+n8rG8dGZSkrER7ZIXGQYNm5pqC3v3HopH24A=="
		},
		"unist-util-visit": {
			"version": "1.4.1",
			"resolved": "https://registry.npmjs.org/unist-util-visit/-/unist-util-visit-1.4.1.tgz",
			"integrity": "sha512-AvGNk7Bb//EmJZyhtRUnNMEpId/AZ5Ph/KUpTI09WHQuDZHKovQ1oEv3mfmKpWKtoMzyMC4GLBm1Zy5k12fjIw==",
			"requires": {
				"unist-util-visit-parents": "^2.0.0"
			}
		},
		"unist-util-visit-parents": {
			"version": "2.1.2",
			"resolved": "https://registry.npmjs.org/unist-util-visit-parents/-/unist-util-visit-parents-2.1.2.tgz",
			"integrity": "sha512-DyN5vD4NE3aSeB+PXYNKxzGsfocxp6asDc2XXE3b0ekO2BaRUpBicbbUygfSvYfUz1IkmjFR1YF7dPklraMZ2g==",
			"requires": {
				"unist-util-is": "^3.0.0"
			}
		},
		"util-deprecate": {
			"version": "1.0.2",
			"resolved": "https://registry.npmjs.org/util-deprecate/-/util-deprecate-1.0.2.tgz",
			"integrity": "sha1-RQ1Nyfpw3nMnYvvS1KKJgUGaDM8="
		},
		"web-namespaces": {
			"version": "1.1.3",
			"resolved": "https://registry.npmjs.org/web-namespaces/-/web-namespaces-1.1.3.tgz",
			"integrity": "sha512-r8sAtNmgR0WKOKOxzuSgk09JsHlpKlB+uHi937qypOu3PZ17UxPrierFKDye/uNHjNTTEshu5PId8rojIPj/tA=="
		},
		"xtend": {
			"version": "4.0.2",
			"resolved": "https://registry.npmjs.org/xtend/-/xtend-4.0.2.tgz",
			"integrity": "sha512-LKYU1iAXJXUgAXn9URjiu+MWhyUXHsvfp7mcuYm9dSUKK0/CjtrUwFAxD82/mCWbtLsGjFIad0wIsod4zrTAEQ=="
		}
	}
}
